
Microsoft Visual Studio Solution File, Format Version 12.00
# Visual Studio Version 16
VisualStudioVersion = 16.0.29926.136
MinimumVisualStudioVersion = 10.0.40219.1
Project("{FAE04EC0-301F-11D3-BF4B-00C04F79EFBC}") = "PaintingProject", "PaintingProject\PaintingProject.csproj", "{4DC0336E-CE45-4991-9215-09EB04CCD966}"
EndProject
Global
	GlobalSection(SolutionConfigurationPlatforms) = preSolution
		Debug|Any CPU = Debug|Any CPU
		Release|Any CPU = Release|Any CPU
	EndGlobalSection
	GlobalSection(ProjectConfigurationPlatforms) = postSolution
		{4DC0336E-CE45-4991-9215-09EB04CCD966}.Debug|Any CPU.ActiveCfg = Debug|Any CPU
		{4DC0336E-CE45-4991-9215-09EB04CCD966}.Debug|Any CPU.Build.0 = Debug|Any CPU
		{4DC0336E-CE45-4991-9215-09EB04CCD966}.Release|Any CPU.ActiveCfg = Release|Any CPU
		{4DC0336E-CE45-4991-9215-09EB04CCD966}.Release|Any CPU.Build.0 = Release|Any CPU
	EndGlobalSection
	GlobalSection(SolutionProperties) = preSolution
		HideSolutionNode = FALSE
	EndGlobalSection
	GlobalSection(ExtensibilityGlobals) = postSolution
		SolutionGuid = {EA3EE357-7CCE-49F9-9DF3-E91A2370C323}
	EndGlobalSection
EndGlobal
